
Microsoft Visual Studio Solution File, Format Version 12.00
# Visual Studio 15
VisualStudioVersion = 15.0.27428.2027
MinimumVisualStudioVersion = 10.0.40219.1
Project("{8BC9CEB8-8B4A-11D0-8D11-00A0C91BC942}") = "CDBServer", "CDBServer\CDBServer.vcxproj", "{7F1A3EAB-F053-4C06-895B-2C3B75EC65DB}"
EndProject
Project("{FAE04EC0-301F-11D3-BF4B-00C04F79EFBC}") = "WOTEDUtils", "WOTEDUtils\WOTEDUtils.csproj", "{EFA46758-F4D9-4B89-BD5D-EAEB906FEA7A}"
EndProject
Global
	GlobalSection(SolutionConfigurationPlatforms) = preSolution
		Debug|Any CPU = Debug|Any CPU
		Debug|x64 = Debug|x64
		Debug|x86 = Debug|x86
		Release|Any CPU = Release|Any CPU
		Release|x64 = Release|x64
		Release|x86 = Release|x86
	EndGlobalSection
	GlobalSection(ProjectConfigurationPlatforms) = postSolution
		{7F1A3EAB-F053-4C06-895B-2C3B75EC65DB}.Debug|Any CPU.ActiveCfg = Debug|Win32
		{7F1A3EAB-F053-4C06-895B-2C3B75EC65DB}.Debug|x64.ActiveCfg = Debug|x64
		{7F1A3EAB-F053-4C06-895B-2C3B75EC65DB}.Debug|x64.Build.0 = Debug|x64
		{7F1A3EAB-F053-4C06-895B-2C3B75EC65DB}.Debug|x86.ActiveCfg = Debug|Win32
		{7F1A3EAB-F053-4C06-895B-2C3B75EC65DB}.Debug|x86.Build.0 = Debug|Win32
		{7F1A3EAB-F053-4C06-895B-2C3B75EC65DB}.Release|Any CPU.ActiveCfg = Release|Win32
		{7F1A3EAB-F053-4C06-895B-2C3B75EC65DB}.Release|x64.ActiveCfg = Release|x64
		{7F1A3EAB-F053-4C06-895B-2C3B75EC65DB}.Release|x64.Build.0 = Release|x64
		{7F1A3EAB-F053-4C06-895B-2C3B75EC65DB}.Release|x86.ActiveCfg = Release|Win32
		{7F1A3EAB-F053-4C06-895B-2C3B75EC65DB}.Release|x86.Build.0 = Release|Win32
		{EFA46758-F4D9-4B89-BD5D-EAEB906FEA7A}.Debug|Any CPU.ActiveCfg = Debug|Any CPU
		{EFA46758-F4D9-4B89-BD5D-EAEB906FEA7A}.Debug|Any CPU.Build.0 = Debug|Any CPU
		{EFA46758-F4D9-4B89-BD5D-EAEB906FEA7A}.Debug|x64.ActiveCfg = Debug|Any CPU
		{EFA46758-F4D9-4B89-BD5D-EAEB906FEA7A}.Debug|x64.Build.0 = Debug|Any CPU
		{EFA46758-F4D9-4B89-BD5D-EAEB906FEA7A}.Debug|x86.ActiveCfg = Debug|Any CPU
		{EFA46758-F4D9-4B89-BD5D-EAEB906FEA7A}.Debug|x86.Build.0 = Debug|Any CPU
		{EFA46758-F4D9-4B89-BD5D-EAEB906FEA7A}.Release|Any CPU.ActiveCfg = Release|Any CPU
		{EFA46758-F4D9-4B89-BD5D-EAEB906FEA7A}.Release|Any CPU.Build.0 = Release|Any CPU
		{EFA46758-F4D9-4B89-BD5D-EAEB906FEA7A}.Release|x64.ActiveCfg = Release|Any CPU
		{EFA46758-F4D9-4B89-BD5D-EAEB906FEA7A}.Release|x64.Build.0 = Release|Any CPU
		{EFA46758-F4D9-4B89-BD5D-EAEB906FEA7A}.Release|x86.ActiveCfg = Release|Any CPU
		{EFA46758-F4D9-4B89-BD5D-EAEB906FEA7A}.Release|x86.Build.0 = Release|Any CPU
	EndGlobalSection
	GlobalSection(SolutionProperties) = preSolution
		HideSolutionNode = FALSE
	EndGlobalSection
	GlobalSection(ExtensibilityGlobals) = postSolution
		SolutionGuid = {D64435ED-CEA5-4A32-8A3A-990D9DD5B098}
	EndGlobalSection
EndGlobal
